PODS:
  - Flutter (1.0.0)
  - integration_test (0.0.1):
    - Flutter
  - PDFNet (9.0.1.77780)
  - pdftron_flutter (0.0.1):
    - Flutter
    - PDFNet
  - "permission_handler (5.1.0+2)":
    - Flutter

DEPENDENCIES:
  - Flutter (from `Flutter`)
  - integration_test (from `.symlinks/plugins/integration_test/ios`)
  - PDFNet (from `https://www.pdftron.com/downloads/ios/cocoapods/pdfnet/latest.podspec`)
  - pdftron_flutter (from `.symlinks/plugins/pdftron_flutter/ios`)
  - permission_handler (from `.symlinks/plugins/permission_handler/ios`)

EXTERNAL SOURCES:
  Flutter:
    :path: Flutter
  integration_test:
    :path: ".symlinks/plugins/integration_test/ios"
  PDFNet:
    :podspec: https://www.pdftron.com/downloads/ios/cocoapods/pdfnet/latest.podspec
  pdftron_flutter:
    :path: ".symlinks/plugins/pdftron_flutter/ios"
  permission_handler:
    :path: ".symlinks/plugins/permission_handler/ios"

SPEC CHECKSUMS:
  Flutter: 434fef37c0980e73bb6479ef766c45957d4b510c
  integration_test: 6eb66a19f7104200dcfdd62bc0077e1b09686e4f
  PDFNet: b9e7a7831af4020a4835e19ecf6abf9b81ce29a4
  pdftron_flutter: 32bd96e9bc9254c1861f17725e40dd611a7056cd
  permission_handler: ccb20a9fad0ee9b1314a52b70b76b473c5f8dab0

PODFILE CHECKSUM: 1256ed743e0e6641e71d5339a76d03b9e411be9b

COCOAPODS: 1.10.1
