PODS:
  - Flutter (1.0.0)
  - integration_test (0.0.1):
    - Flutter
  - PDFTron (1.0.0-beta.55)
  - pdftron_flutter (0.0.1):
    - Flutter
    - PDFTron
    - PDFTronTools
  - PDFTronTools (1.0.0-beta.55)
  - permission_handler (3.0.1):
    - Flutter

DEPENDENCIES:
  - Flutter (from `Flutter`)
  - integration_test (from `.symlinks/plugins/integration_test/ios`)
  - PDFTron (from `https://pdftron.com/downloads/ios/flutter/pdftron/latest.podspec`)
  - pdftron_flutter (from `.symlinks/plugins/pdftron_flutter/ios`)
  - PDFTronTools (from `https://pdftron.com/downloads/ios/flutter/pdftron-tools/latest.podspec`)
  - permission_handler (from `.symlinks/plugins/permission_handler/ios`)

EXTERNAL SOURCES:
  Flutter:
    :path: Flutter
  integration_test:
    :path: ".symlinks/plugins/integration_test/ios"
  PDFTron:
    :podspec: https://pdftron.com/downloads/ios/flutter/pdftron/latest.podspec
  pdftron_flutter:
    :path: ".symlinks/plugins/pdftron_flutter/ios"
  PDFTronTools:
    :podspec: https://pdftron.com/downloads/ios/flutter/pdftron-tools/latest.podspec
  permission_handler:
    :path: ".symlinks/plugins/permission_handler/ios"

SPEC CHECKSUMS:
  Flutter: f04841e97a9d0b0a8025694d0796dd46242b2854
  integration_test: a1e7d09bd98eca2fc37aefd79d4f41ad37bdbbe5
  PDFTron: b0afc9f45a59620518e4cc34dddc8fc027058f39
  pdftron_flutter: a42c88fdcb378d1ca78dc9fab6930e81e3e064d4
  PDFTronTools: 21d681bf8e4a40bd1fb1cf043f68bb8d4b176f1d
  permission_handler: 6e56ded745f5a0b9dcc0327c65c4acd6a33b776b

PODFILE CHECKSUM: 1e93549f647d17ef29a93651b2cbc18ae415ab1e

COCOAPODS: 1.11.3
